{
  "version": 4,
  "terraform_version": "1.6.6",
  "serial": 18,
  "lineage": "9e594d57-c175-c36e-bc38-5beb17b1de65",
  "outputs": {
    "data-source-file-content": {
      "value": "oi camila, aqui é o eduardo, te amo, feliz ano novo",
      "type": "string"
    },
    "file-content": {
      "value": "oi camila, aqui é o eduardo, te amo, feliz ano novo",
      "type": "string"
    },
    "file-id": {
      "value": "e4202e1ab1a4f0e5cb2a437031a457663f5452da",
      "type": "string"
    }
  },
  "resources": [
    {
      "mode": "data",
      "type": "local_file",
      "name": "data-source-exemplo",
      "provider": "provider[\"registry.terraform.io/hashicorp/local\"]",
      "instances": [
        {
          "schema_version": 0,
          "attributes": {
            "content": "oi camila, aqui é o eduardo, te amo, feliz ano novo",
            "content_base64": "b2kgY2FtaWxhLCBhcXVpIMOpIG8gZWR1YXJkbywgdGUgYW1vLCBmZWxpeiBhbm8gbm92bw==",
            "content_base64sha256": "TsPSDxRzoeQ43y/EHjD69ZsXeqTUeqbDzohzcRAy/YU=",
            "content_base64sha512": "eYw25hC0vqCqxMnvB0U2SMzaaEhi1xg0aN3J3ZaJBj4LqKNelRMZzumSxQ0ZDXWWT6D4lwdl0t4SxwyOQp1sEQ==",
            "content_md5": "08ef7de0801d955f18d1473ec6036909",
            "content_sha1": "e4202e1ab1a4f0e5cb2a437031a457663f5452da",
            "content_sha256": "4ec3d20f1473a1e438df2fc41e30faf59b177aa4d47aa6c3ce8873711032fd85",
            "content_sha512": "798c36e610b4bea0aac4c9ef07453648ccda684862d7183468ddc9dd9689063e0ba8a35e951319cee992c50d190d75964fa0f8970765d2de12c70c8e429d6c11",
            "filename": "test.txt",
            "id": "e4202e1ab1a4f0e5cb2a437031a457663f5452da"
          },
          "sensitive_attributes": []
        }
      ]
    },
    {
      "mode": "managed",
      "type": "local_file",
      "name": "exemplo",
      "provider": "provider[\"registry.terraform.io/hashicorp/local\"]",
      "instances": [
        {
          "schema_version": 0,
          "attributes": {
            "content": "oi camila, aqui é o eduardo, te amo, feliz ano novo",
            "content_base64": null,
            "content_base64sha256": "TsPSDxRzoeQ43y/EHjD69ZsXeqTUeqbDzohzcRAy/YU=",
            "content_base64sha512": "eYw25hC0vqCqxMnvB0U2SMzaaEhi1xg0aN3J3ZaJBj4LqKNelRMZzumSxQ0ZDXWWT6D4lwdl0t4SxwyOQp1sEQ==",
            "content_md5": "08ef7de0801d955f18d1473ec6036909",
            "content_sha1": "e4202e1ab1a4f0e5cb2a437031a457663f5452da",
            "content_sha256": "4ec3d20f1473a1e438df2fc41e30faf59b177aa4d47aa6c3ce8873711032fd85",
            "content_sha512": "798c36e610b4bea0aac4c9ef07453648ccda684862d7183468ddc9dd9689063e0ba8a35e951319cee992c50d190d75964fa0f8970765d2de12c70c8e429d6c11",
            "directory_permission": "0777",
            "file_permission": "0777",
            "filename": "test.txt",
            "id": "e4202e1ab1a4f0e5cb2a437031a457663f5452da",
            "sensitive_content": null,
            "source": null
          },
          "sensitive_attributes": []
        }
      ]
    }
  ],
  "check_results": null
}
